// !$*UTF8*$!
{
	archiveVersion = 1;
	classes = {
	};
	objectVersion = 48;
	objects = {

/* Begin PBXBuildFile section */
		668ED9149011DE0873602BC3 /* libPods-ObjcDemo.a in Frameworks */ = {isa = PBXBuildFile; fileRef = 986CDC5839FED6D8047E5797 /* libPods-ObjcDemo.a */; };
		A5DA1E9F1FBD834D00C271DA /* AppDelegate.m in Sources */ = {isa = PBXBuildFile; fileRef = A5DA1E9E1FBD834D00C271DA /* AppDelegate.m */; };
		A5DA1EA21FBD834D00C271DA /* ViewController.m in Sources */ = {isa = PBXBuildFile; fileRef = A5DA1EA11FBD834D00C271DA /* ViewController.m */; };
		A5DA1EA51FBD834D00C271DA /* Main.storyboard in Resources */ = {isa = PBXBuildFile; fileRef = A5DA1EA31FBD834D00C271DA /* Main.storyboard */; };
		A5DA1EA71FBD834D00C271DA /* Assets.xcassets in Resources */ = {isa = PBXBuildFile; fileRef = A5DA1EA61FBD834D00C271DA /* Assets.xcassets */; };
		A5DA1EAA1FBD834D00C271DA /* LaunchScreen.storyboard in Resources */ = {isa = PBXBuildFile; fileRef = A5DA1EA81FBD834D00C271DA /* LaunchScreen.storyboard */; };
		A5DA1EAD1FBD834D00C271DA /* main.m in Sources */ = {isa = PBXBuildFile; fileRef = A5DA1EAC1FBD834D00C271DA /* main.m */; };
/* End PBXBuildFile section */

/* Begin PBXFileReference section */
		5923D45DAE36FF23DEBF50EC /* Pods-ObjcDemo.debug.xcconfig */ = {isa = PBXFileReference; includeInIndex = 1; lastKnownFileType = text.xcconfig; name = "Pods-ObjcDemo.debug.xcconfig"; path = "Pods/Target Support Files/Pods-ObjcDemo/Pods-ObjcDemo.debug.xcconfig"; sourceTree = "<group>"; };
		986CDC5839FED6D8047E5797 /* libPods-ObjcDemo.a */ = {isa = PBXFileReference; explicitFileType = archive.ar; includeInIndex = 0; path = "libPods-ObjcDemo.a"; sourceTree = BUILT_PRODUCTS_DIR; };
		A5DA1E9A1FBD834D00C271DA /* ObjcDemo.app */ = {isa = PBXFileReference; explicitFileType = wrapper.application; includeInIndex = 0; path = ObjcDemo.app; sourceTree = BUILT_PRODUCTS_DIR; };
		A5DA1E9D1FBD834D00C271DA /* AppDelegate.h */ = {isa = PBXFileReference; lastKnownFileType = sourcecode.c.h; path = AppDelegate.h; sourceTree = "<group>"; };
		A5DA1E9E1FBD834D00C271DA /* AppDelegate.m */ = {isa = PBXFileReference; lastKnownFileType = sourcecode.c.objc; path = AppDelegate.m; sourceTree = "<group>"; };
		A5DA1EA01FBD834D00C271DA /* ViewController.h */ = {isa = PBXFileReference; lastKnownFileType = sourcecode.c.h; path = ViewController.h; sourceTree = "<group>"; };
		A5DA1EA11FBD834D00C271DA /* ViewController.m */ = {isa = PBXFileReference; lastKnownFileType = sourcecode.c.objc; path = ViewController.m; sourceTree = "<group>"; };
		A5DA1EA41FBD834D00C271DA /* Base */ = {isa = PBXFileReference; lastKnownFileType = file.storyboard; name = Base; path = Base.lproj/Main.storyboard; sourceTree = "<group>"; };
		A5DA1EA61FBD834D00C271DA /* Assets.xcassets */ = {isa = PBXFileReference; lastKnownFileType = folder.assetcatalog; path = Assets.xcassets; sourceTree = "<group>"; };
		A5DA1EA91FBD834D00C271DA /* Base */ = {isa = PBXFileReference; lastKnownFileType = file.storyboard; name = Base; path = Base.lproj/LaunchScreen.storyboard; sourceTree = "<group>"; };
		A5DA1EAB1FBD834D00C271DA /* Info.plist */ = {isa = PBXFileReference; lastKnownFileType = text.plist.xml; path = Info.plist; sourceTree = "<group>"; };
		A5DA1EAC1FBD834D00C271DA /* main.m */ = {isa = PBXFileReference; lastKnownFileType = sourcecode.c.objc; path = main.m; sourceTree = "<group>"; };
		F4CABF95069ABD100548FC4D /* Pods-ObjcDemo.release.xcconfig */ = {isa = PBXFileReference; includeInIndex = 1; lastKnownFileType = text.xcconfig; name = "Pods-ObjcDemo.release.xcconfig"; path = "Pods/Target Support Files/Pods-ObjcDemo/Pods-ObjcDemo.release.xcconfig"; sourceTree = "<group>"; };
/* End PBXFileReference section */

/* Begin PBXFrameworksBuildPhase section */
		A5DA1E971FBD834D00C271DA /* Frameworks */ = {
			isa = PBXFrameworksBuildPhase;
			buildActionMask = 2147483647;
			files = (
				668ED9149011DE0873602BC3 /* libPods-ObjcDemo.a in Frameworks */,
			);
			runOnlyForDeploymentPostprocessing = 0;
		};
/* End PBXFrameworksBuildPhase section */

/* Begin PBXGroup section */
		3A5E6D6BF499133A5B31133F /* Frameworks */ = {
			isa = PBXGroup;
			children = (
				986CDC5839FED6D8047E5797 /* libPods-ObjcDemo.a */,
			);
			name = Frameworks;
			sourceTree = "<group>";
		};
		6149F4256A98BC2F582BF92B /* Pods */ = {
			isa = PBXGroup;
			children = (
				5923D45DAE36FF23DEBF50EC /* Pods-ObjcDemo.debug.xcconfig */,
				F4CABF95069ABD100548FC4D /* Pods-ObjcDemo.release.xcconfig */,
			);
			name = Pods;
			sourceTree = "<group>";
		};
		A5DA1E911FBD834D00C271DA = {
			isa = PBXGroup;
			children = (
				A5DA1E9C1FBD834D00C271DA /* ObjcDemo */,
				A5DA1E9B1FBD834D00C271DA /* Products */,
				6149F4256A98BC2F582BF92B /* Pods */,
				3A5E6D6BF499133A5B31133F /* Frameworks */,
			);
			sourceTree = "<group>";
		};
		A5DA1E9B1FBD834D00C271DA /* Products */ = {
			isa = PBXGroup;
			children = (
				A5DA1E9A1FBD834D00C271DA /* ObjcDemo.app */,
			);
			name = Products;
			sourceTree = "<group>";
		};
		A5DA1E9C1FBD834D00C271DA /* ObjcDemo */ = {
			isa = PBXGroup;
			children = (
				A5DA1E9D1FBD834D00C271DA /* AppDelegate.h */,
				A5DA1E9E1FBD834D00C271DA /* AppDelegate.m */,
				A5DA1EA01FBD834D00C271DA /* ViewController.h */,
				A5DA1EA11FBD834D00C271DA /* ViewController.m */,
				A5DA1EA31FBD834D00C271DA /* Main.storyboard */,
				A5DA1EA61FBD834D00C271DA /* Assets.xcassets */,
				A5DA1EA81FBD834D00C271DA /* LaunchScreen.storyboard */,
				A5DA1EAB1FBD834D00C271DA /* Info.plist */,
				A5DA1EAC1FBD834D00C271DA /* main.m */,
			);
			path = ObjcDemo;
			sourceTree = "<group>";
		};
/* End PBXGroup section */

/* Begin PBXNativeTarget section */
		A5DA1E991FBD834D00C271DA /* ObjcDemo */ = {
			isa = PBXNativeTarget;
			buildConfigurationList = A5DA1EB01FBD834D00C271DA /* Build configuration list for PBXNativeTarget "ObjcDemo" */;
			buildPhases = (
				4791960B10C6B0BF0DC24A7C /* [CP] Check Pods Manifest.lock */,
				A5DA1E961FBD834D00C271DA /* Sources */,
				A5DA1E971FBD834D00C271DA /* Frameworks */,
				A5DA1E981FBD834D00C271DA /* Resources */,
				567F6EB40E0D05047286B1F3 /* [CP] Embed Pods Frameworks */,
				AD2479D9D1AE4BE940166424 /* [CP] Copy Pods Resources */,
			);
			buildRules = (
			);
			dependencies = (
			);
			name = ObjcDemo;
			productName = ObjcDemo;
			productReference = A5DA1E9A1FBD834D00C271DA /* ObjcDemo.app */;
			productType = "com.apple.product-type.application";
		};
/* End PBXNativeTarget section */

/* Begin PBXProject section */
		A5DA1E921FBD834D00C271DA /* Project object */ = {
			isa = PBXProject;
			attributes = {
				LastUpgradeCheck = 0910;
				ORGANIZATIONNAME = davidhuang;
				TargetAttributes = {
					A5DA1E991FBD834D00C271DA = {
						CreatedOnToolsVersion = 9.1;
						ProvisioningStyle = Automatic;
					};
				};
			};
			buildConfigurationList = A5DA1E951FBD834D00C271DA /* Build configuration list for PBXProject "ObjcDemo" */;
			compatibilityVersion = "Xcode 8.0";
			developmentRegion = en;
			hasScannedForEncodings = 0;
			knownRegions = (
				en,
				Base,
			);
			mainGroup = A5DA1E911FBD834D00C271DA;
			productRefGroup = A5DA1E9B1FBD834D00C271DA /* Products */;
			projectDirPath = "";
			projectRoot = "";
			targets = (
				A5DA1E991FBD834D00C271DA /* ObjcDemo */,
			);
		};
/* End PBXProject section */

/* Begin PBXResourcesBuildPhase section */
		A5DA1E981FBD834D00C271DA /* Resources */ = {
			isa = PBXResourcesBuildPhase;
			buildActionMask = 2147483647;
			files = (
				A5DA1EAA1FBD834D00C271DA /* LaunchScreen.storyboard in Resources */,
				A5DA1EA71FBD834D00C271DA /* Assets.xcassets in Resources */,
				A5DA1EA51FBD834D00C271DA /* Main.storyboard in Resources */,
			);
			runOnlyForDeploymentPostprocessing = 0;
		};
/* End PBXResourcesBuildPhase section */

/* Begin PBXShellScriptBuildPhase section */
		4791960B10C6B0BF0DC24A7C /* [CP] Check Pods Manifest.lock */ = {
			isa = PBXShellScriptBuildPhase;
			buildActionMask = 2147483647;
			files = (
			);
			inputPaths = (
				"${PODS_PODFILE_DIR_PATH}/Podfile.lock",
				"${PODS_ROOT}/Manifest.lock",
			);
			name = "[CP] Check Pods Manifest.lock";
			outputPaths = (
				"$(DERIVED_FILE_DIR)/Pods-ObjcDemo-checkManifestLockResult.txt",
			);
			runOnlyForDeploymentPostprocessing = 0;
			shellPath = /bin/sh;
			shellScript = "diff \"${PODS_PODFILE_DIR_PATH}/Podfile.lock\" \"${PODS_ROOT}/Manifest.lock\" > /dev/null\nif [ $? != 0 ] ; then\n    # print error to STDERR\n    echo \"error: The sandbox is not in sync with the Podfile.lock. Run 'pod install' or update your CocoaPods installation.\" >&2\n    exit 1\nfi\n# This output is used by Xcode 'outputs' to avoid re-running this script phase.\necho \"SUCCESS\" > \"${SCRIPT_OUTPUT_FILE_0}\"\n";
			showEnvVarsInLog = 0;
		};
		567F6EB40E0D05047286B1F3 /* [CP] Embed Pods Frameworks */ = {
			isa = PBXShellScriptBuildPhase;
			buildActionMask = 2147483647;
			files = (
			);
			inputPaths = (
			);
			name = "[CP] Embed Pods Frameworks";
			outputPaths = (
			);
			runOnlyForDeploymentPostprocessing = 0;
			shellPath = /bin/sh;
			shellScript = "\"${SRCROOT}/Pods/Target Support Files/Pods-ObjcDemo/Pods-ObjcDemo-frameworks.sh\"\n";
			showEnvVarsInLog = 0;
		};
		AD2479D9D1AE4BE940166424 /* [CP] Copy Pods Resources */ = {
			isa = PBXShellScriptBuildPhase;
			buildActionMask = 2147483647;
			files = (
			);
			inputPaths = (
				"${SRCROOT}/Pods/Target Support Files/Pods-ObjcDemo/Pods-ObjcDemo-resources.sh",
				"${PODS_ROOT}/HPWVisitorSDK/Classes/Resource/HappyWinBundle.bundle",
				"${PODS_ROOT}/HPWVisitorSDK/Classes/Resource/LYTChatProgressHUD.bundle",
				"${PODS_ROOT}/HPWVisitorSDK/Classes/Resource/HPWRefresh.bundle",
			);
			name = "[CP] Copy Pods Resources";
			outputPaths = (
				"${TARGET_BUILD_DIR}/${UNLOCALIZED_RESOURCES_FOLDER_PATH}",
			);
			runOnlyForDeploymentPostprocessing = 0;
			shellPath = /bin/sh;
			shellScript = "\"${SRCROOT}/Pods/Target Support Files/Pods-ObjcDemo/Pods-ObjcDemo-resources.sh\"\n";
			showEnvVarsInLog = 0;
		};
/* End PBXShellScriptBuildPhase section */

/* Begin PBXSourcesBuildPhase section */
		A5DA1E961FBD834D00C271DA /* Sources */ = {
			isa = PBXSourcesBuildPhase;
			buildActionMask = 2147483647;
			files = (
				A5DA1EA21FBD834D00C271DA /* ViewController.m in Sources */,
				A5DA1EAD1FBD834D00C271DA /* main.m in Sources */,
				A5DA1E9F1FBD834D00C271DA /* AppDelegate.m in Sources */,
			);
			runOnlyForDeploymentPostprocessing = 0;
		};
/* End PBXSourcesBuildPhase section */

/* Begin PBXVariantGroup section */
		A5DA1EA31FBD834D00C271DA /* Main.storyboard */ = {
			isa = PBXVariantGroup;
			children = (
				A5DA1EA41FBD834D00C271DA /* Base */,
			);
			name = Main.storyboard;
			sourceTree = "<group>";
		};
		A5DA1EA81FBD834D00C271DA /* LaunchScreen.storyboard */ = {
			isa = PBXVariantGroup;
			children = (
				A5DA1EA91FBD834D00C271DA /* Base */,
			);
			name = LaunchScreen.storyboard;
			sourceTree = "<group>";
		};
/* End PBXVariantGroup section */

/* Begin XCBuildConfiguration section */
		A5DA1EAE1FBD834D00C271DA /* Debug */ = {
			isa = XCBuildConfiguration;
			buildSettings = {
				ALWAYS_SEARCH_USER_PATHS = NO;
				CLANG_ANALYZER_NONNULL = YES;
				CLANG_ANALYZER_NUMBER_OBJECT_CONVERSION = YES_AGGRESSIVE;
				CLANG_CXX_LANGUAGE_STANDARD = "gnu++14";
				CLANG_CXX_LIBRARY = "libc++";
				CLANG_ENABLE_MODULES = YES;
				CLANG_ENABLE_OBJC_ARC = YES;
				CLANG_WARN_BLOCK_CAPTURE_AUTORELEASING = YES;
				CLANG_WARN_BOOL_CONVERSION = YES;
				CLANG_WARN_COMMA = YES;
				CLANG_WARN_CONSTANT_CONVERSION = YES;
				CLANG_WARN_DIRECT_OBJC_ISA_USAGE = YES_ERROR;
				CLANG_WARN_DOCUMENTATION_COMMENTS = YES;
				CLANG_WARN_EMPTY_BODY = YES;
				CLANG_WARN_ENUM_CONVERSION = YES;
				CLANG_WARN_INFINITE_RECURSION = YES;
				CLANG_WARN_INT_CONVERSION = YES;
				CLANG_WARN_NON_LITERAL_NULL_CONVERSION = YES;
				CLANG_WARN_OBJC_LITERAL_CONVERSION = YES;
				CLANG_WARN_OBJC_ROOT_CLASS = YES_ERROR;
				CLANG_WARN_RANGE_LOOP_ANALYSIS = YES;
				CLANG_WARN_STRICT_PROTOTYPES = YES;
				CLANG_WARN_SUSPICIOUS_MOVE = YES;
				CLANG_WARN_UNGUARDED_AVAILABILITY = YES_AGGRESSIVE;
				CLANG_WARN_UNREACHABLE_CODE = YES;
				CLANG_WARN__DUPLICATE_METHOD_MATCH = YES;
				CODE_SIGN_IDENTITY = "iPhone Developer";
				COPY_PHASE_STRIP = NO;
				DEBUG_INFORMATION_FORMAT = dwarf;
				ENABLE_STRICT_OBJC_MSGSEND = YES;
				ENABLE_TESTABILITY = YES;
				GCC_C_LANGUAGE_STANDARD = gnu11;
				GCC_DYNAMIC_NO_PIC = NO;
				GCC_NO_COMMON_BLOCKS = YES;
				GCC_OPTIMIZATION_LEVEL = 0;
				GCC_PREPROCESSOR_DEFINITIONS = (
					"DEBUG=1",
					"$(inherited)",
				);
				GCC_WARN_64_TO_32_BIT_CONVERSION = YES;
				GCC_WARN_ABOUT_RETURN_TYPE = YES_ERROR;
				GCC_WARN_UNDECLARED_SELECTOR = YES;
				GCC_WARN_UNINITIALIZED_AUTOS = YES_AGGRESSIVE;
				GCC_WARN_UNUSED_FUNCTION = YES;
				GCC_WARN_UNUSED_VARIABLE = YES;
				IPHONEOS_DEPLOYMENT_TARGET = 8.0;
				MTL_ENABLE_DEBUG_INFO = YES;
				ONLY_ACTIVE_ARCH = YES;
				SDKROOT = iphoneos;
			};
			name = Debug;
		};
		A5DA1EAF1FBD834D00C271DA /* Release */ = {
			isa = XCBuildConfiguration;
			buildSettings = {
				ALWAYS_SEARCH_USER_PATHS = NO;
				CLANG_ANALYZER_NONNULL = YES;
				CLANG_ANALYZER_NUMBER_OBJECT_CONVERSION = YES_AGGRESSIVE;
				CLANG_CXX_LANGUAGE_STANDARD = "gnu++14";
				CLANG_CXX_LIBRARY = "libc++";
				CLANG_ENABLE_MODULES = YES;
				CLANG_ENABLE_OBJC_ARC = YES;
				CLANG_WARN_BLOCK_CAPTURE_AUTORELEASING = YES;
				CLANG_WARN_BOOL_CONVERSION = YES;
				CLANG_WARN_COMMA = YES;
				CLANG_WARN_CONSTANT_CONVERSION = YES;
				CLANG_WARN_DIRECT_OBJC_ISA_USAGE = YES_ERROR;
				CLANG_WARN_DOCUMENTATION_COMMENTS = YES;
				CLANG_WARN_EMPTY_BODY = YES;
				CLANG_WARN_ENUM_CONVERSION = YES;
				CLANG_WARN_INFINITE_RECURSION = YES;
				CLANG_WARN_INT_CONVERSION = YES;
				CLANG_WARN_NON_LITERAL_NULL_CONVERSION = YES;
				CLANG_WARN_OBJC_LITERAL_CONVERSION = YES;
				CLANG_WARN_OBJC_ROOT_CLASS = YES_ERROR;
				CLANG_WARN_RANGE_LOOP_ANALYSIS = YES;
				CLANG_WARN_STRICT_PROTOTYPES = YES;
				CLANG_WARN_SUSPICIOUS_MOVE = YES;
				CLANG_WARN_UNGUARDED_AVAILABILITY = YES_AGGRESSIVE;
				CLANG_WARN_UNREACHABLE_CODE = YES;
				CLANG_WARN__DUPLICATE_METHOD_MATCH = YES;
				CODE_SIGN_IDENTITY = "iPhone Developer";
				COPY_PHASE_STRIP = NO;
				DEBUG_INFORMATION_FORMAT = "dwarf-with-dsym";
				ENABLE_NS_ASSERTIONS = NO;
				ENABLE_STRICT_OBJC_MSGSEND = YES;
				GCC_C_LANGUAGE_STANDARD = gnu11;
				GCC_NO_COMMON_BLOCKS = YES;
				GCC_WARN_64_TO_32_BIT_CONVERSION = YES;
				GCC_WARN_ABOUT_RETURN_TYPE = YES_ERROR;
				GCC_WARN_UNDECLARED_SELECTOR = YES;
				GCC_WARN_UNINITIALIZED_AUTOS = YES_AGGRESSIVE;
				GCC_WARN_UNUSED_FUNCTION = YES;
				GCC_WARN_UNUSED_VARIABLE = YES;
				IPHONEOS_DEPLOYMENT_TARGET = 8.0;
				MTL_ENABLE_DEBUG_INFO = NO;
				SDKROOT = iphoneos;
				VALIDATE_PRODUCT = YES;
			};
			name = Release;
		};
		A5DA1EB11FBD834D00C271DA /* Debug */ = {
			isa = XCBuildConfiguration;
			baseConfigurationReference = 5923D45DAE36FF23DEBF50EC /* Pods-ObjcDemo.debug.xcconfig */;
			buildSettings = {
				ASSETCATALOG_COMPILER_APPICON_NAME = AppIcon;
				"CODE_SIGN_IDENTITY[sdk=iphoneos*]" = "iPhone Developer";
				CODE_SIGN_STYLE = Automatic;
				DEVELOPMENT_TEAM = QDH66RGJXX;
				INFOPLIST_FILE = ObjcDemo/Info.plist;
				IPHONEOS_DEPLOYMENT_TARGET = 8.0;
				LD_RUNPATH_SEARCH_PATHS = "$(inherited) @executable_path/Frameworks";
				PRODUCT_BUNDLE_IDENTIFIER = davidhuang.ObjcDemo;
				PRODUCT_NAME = "$(TARGET_NAME)";
				PROVISIONING_PROFILE = "";
				PROVISIONING_PROFILE_SPECIFIER = "";
				TARGETED_DEVICE_FAMILY = 1;
			};
			name = Debug;
		};
		A5DA1EB21FBD834D00C271DA /* Release */ = {
			isa = XCBuildConfiguration;
			baseConfigurationReference = F4CABF95069ABD100548FC4D /* Pods-ObjcDemo.release.xcconfig */;
			buildSettings = {
				ASSETCATALOG_COMPILER_APPICON_NAME = AppIcon;
				"CODE_SIGN_IDENTITY[sdk=iphoneos*]" = "iPhone Developer";
				CODE_SIGN_STYLE = Automatic;
				DEVELOPMENT_TEAM = QDH66RGJXX;
				INFOPLIST_FILE = ObjcDemo/Info.plist;
				IPHONEOS_DEPLOYMENT_TARGET = 8.0;
				LD_RUNPATH_SEARCH_PATHS = "$(inherited) @executable_path/Frameworks";
				PRODUCT_BUNDLE_IDENTIFIER = davidhuang.ObjcDemo;
				PRODUCT_NAME = "$(TARGET_NAME)";
				PROVISIONING_PROFILE_SPECIFIER = "";
				TARGETED_DEVICE_FAMILY = 1;
			};
			name = Release;
		};
/* End XCBuildConfiguration section */

/* Begin XCConfigurationList section */
		A5DA1E951FBD834D00C271DA /* Build configuration list for PBXProject "ObjcDemo" */ = {
			isa = XCConfigurationList;
			buildConfigurations = (
				A5DA1EAE1FBD834D00C271DA /* Debug */,
				A5DA1EAF1FBD834D00C271DA /* Release */,
			);
			defaultConfigurationIsVisible = 0;
			defaultConfigurationName = Release;
		};
		A5DA1EB01FBD834D00C271DA /* Build configuration list for PBXNativeTarget "ObjcDemo" */ = {
			isa = XCConfigurationList;
			buildConfigurations = (
				A5DA1EB11FBD834D00C271DA /* Debug */,
				A5DA1EB21FBD834D00C271DA /* Release */,
			);
			defaultConfigurationIsVisible = 0;
			defaultConfigurationName = Release;
		};
/* End XCConfigurationList section */
	};
	rootObject = A5DA1E921FBD834D00C271DA /* Project object */;
}
